
Microsoft Visual Studio Solution File, Format Version 12.00
# Visual Studio 15
VisualStudioVersion = 15.0.27130.2027
MinimumVisualStudioVersion = 10.0.40219.1
Project("{E24C65DC-7377-472B-9ABA-BC803B73C61A}") = "GMC", "GMC\", "{5742C358-B6EE-488E-BD12-A69EC736C820}"
	ProjectSection(WebsiteProperties) = preProject
		TargetFrameworkMoniker = ".NETFramework,Version%3Dv4.6.1"
		Debug.AspNetCompiler.VirtualPath = "/localhost_54847"
		Debug.AspNetCompiler.PhysicalPath = "GMC\"
		Debug.AspNetCompiler.TargetPath = "PrecompiledWeb\localhost_54847\"
		Debug.AspNetCompiler.Updateable = "true"
		Debug.AspNetCompiler.ForceOverwrite = "true"
		Debug.AspNetCompiler.FixedNames = "false"
		Debug.AspNetCompiler.Debug = "True"
		Release.AspNetCompiler.VirtualPath = "/localhost_54847"
		Release.AspNetCompiler.PhysicalPath = "GMC\"
		Release.AspNetCompiler.TargetPath = "PrecompiledWeb\localhost_54847\"
		Release.AspNetCompiler.Updateable = "true"
		Release.AspNetCompiler.ForceOverwrite = "true"
		Release.AspNetCompiler.FixedNames = "false"
		Release.AspNetCompiler.Debug = "False"
		VWDPort = "54847"
		SlnRelativePath = "GMC\"
		DefaultWebSiteLanguage = "Visual Basic"
	EndProjectSection
EndProject
Global
	GlobalSection(SolutionConfigurationPlatforms) = preSolution
		Debug|Any CPU = Debug|Any CPU
	EndGlobalSection
	GlobalSection(ProjectConfigurationPlatforms) = postSolution
		{5742C358-B6EE-488E-BD12-A69EC736C820}.Debug|Any CPU.ActiveCfg = Debug|Any CPU
		{5742C358-B6EE-488E-BD12-A69EC736C820}.Debug|Any CPU.Build.0 = Debug|Any CPU
	EndGlobalSection
	GlobalSection(SolutionProperties) = preSolution
		HideSolutionNode = FALSE
	EndGlobalSection
	GlobalSection(ExtensibilityGlobals) = postSolution
		SolutionGuid = {A9BA82FA-0BB3-4CA8-977F-2247CD327B54}
	EndGlobalSection
EndGlobal
